
Microsoft Visual Studio Solution File, Format Version 12.00
# Visual Studio Version 17
VisualStudioVersion = 17.14.36221.1 d17.14
MinimumVisualStudioVersion = 10.0.40219.1
Project("{FAE04EC0-301F-11D3-BF4B-00C04F79EFBC}") = "MudBlazorElementRefException", "MudBlazorElementRefException.csproj", "{EC05CD8F-2225-426B-9E91-3766229B8100}"
EndProject
Global
	GlobalSection(SolutionConfigurationPlatforms) = preSolution
		Debug|Any CPU = Debug|Any CPU
		Release|Any CPU = Release|Any CPU
	EndGlobalSection
	GlobalSection(ProjectConfigurationPlatforms) = postSolution
		{EC05CD8F-2225-426B-9E91-3766229B8100}.Debug|Any CPU.ActiveCfg = Debug|Any CPU
		{EC05CD8F-2225-426B-9E91-3766229B8100}.Debug|Any CPU.Build.0 = Debug|Any CPU
		{EC05CD8F-2225-426B-9E91-3766229B8100}.Release|Any CPU.ActiveCfg = Release|Any CPU
		{EC05CD8F-2225-426B-9E91-3766229B8100}.Release|Any CPU.Build.0 = Release|Any CPU
	EndGlobalSection
	GlobalSection(SolutionProperties) = preSolution
		HideSolutionNode = FALSE
	EndGlobalSection
	GlobalSection(ExtensibilityGlobals) = postSolution
		SolutionGuid = {58EA0AF3-0006-44A0-B798-7B01044BE4B2}
	EndGlobalSection
EndGlobal
